
Microsoft Visual Studio Solution File, Format Version 12.00
# Visual Studio 15
VisualStudioVersion = 15.0.28307.572
MinimumVisualStudioVersion = 10.0.40219.1
Project("{FAE04EC0-301F-11D3-BF4B-00C04F79EFBC}") = "WebAppStartup", "WebAppStartup\WebAppStartup.csproj", "{D4AA679B-2FB8-4820-840E-7B0E293F14E2}"
EndProject
Project("{FAE04EC0-301F-11D3-BF4B-00C04F79EFBC}") = "ProjectOne", "ProjectOne\ProjectOne.csproj", "{E6606F6C-F8EE-4AEB-A58B-569B0450F4C2}"
EndProject
Project("{FAE04EC0-301F-11D3-BF4B-00C04F79EFBC}") = "Common", "Common\Common.csproj", "{911874BF-5B49-4F2A-839C-DD399165CDFD}"
EndProject
Project("{FAE04EC0-301F-11D3-BF4B-00C04F79EFBC}") = "ProjectTwo", "ProjectTwo\ProjectTwo.csproj", "{1E80396D-5A5F-43C7-B89B-DB94C9FE838F}"
EndProject
Project("{FAE04EC0-301F-11D3-BF4B-00C04F79EFBC}") = "ProjectThree", "ProjectThree\ProjectThree.csproj", "{E225E844-1E25-4A59-9FAC-77859ED7C46E}"
EndProject
Global
	GlobalSection(SolutionConfigurationPlatforms) = preSolution
		Debug|Any CPU = Debug|Any CPU
		Release|Any CPU = Release|Any CPU
	EndGlobalSection
	GlobalSection(ProjectConfigurationPlatforms) = postSolution
		{D4AA679B-2FB8-4820-840E-7B0E293F14E2}.Debug|Any CPU.ActiveCfg = Debug|Any CPU
		{D4AA679B-2FB8-4820-840E-7B0E293F14E2}.Debug|Any CPU.Build.0 = Debug|Any CPU
		{D4AA679B-2FB8-4820-840E-7B0E293F14E2}.Release|Any CPU.ActiveCfg = Release|Any CPU
		{D4AA679B-2FB8-4820-840E-7B0E293F14E2}.Release|Any CPU.Build.0 = Release|Any CPU
		{E6606F6C-F8EE-4AEB-A58B-569B0450F4C2}.Debug|Any CPU.ActiveCfg = Debug|Any CPU
		{E6606F6C-F8EE-4AEB-A58B-569B0450F4C2}.Debug|Any CPU.Build.0 = Debug|Any CPU
		{E6606F6C-F8EE-4AEB-A58B-569B0450F4C2}.Release|Any CPU.ActiveCfg = Release|Any CPU
		{E6606F6C-F8EE-4AEB-A58B-569B0450F4C2}.Release|Any CPU.Build.0 = Release|Any CPU
		{911874BF-5B49-4F2A-839C-DD399165CDFD}.Debug|Any CPU.ActiveCfg = Debug|Any CPU
		{911874BF-5B49-4F2A-839C-DD399165CDFD}.Debug|Any CPU.Build.0 = Debug|Any CPU
		{911874BF-5B49-4F2A-839C-DD399165CDFD}.Release|Any CPU.ActiveCfg = Release|Any CPU
		{911874BF-5B49-4F2A-839C-DD399165CDFD}.Release|Any CPU.Build.0 = Release|Any CPU
		{1E80396D-5A5F-43C7-B89B-DB94C9FE838F}.Debug|Any CPU.ActiveCfg = Debug|Any CPU
		{1E80396D-5A5F-43C7-B89B-DB94C9FE838F}.Debug|Any CPU.Build.0 = Debug|Any CPU
		{1E80396D-5A5F-43C7-B89B-DB94C9FE838F}.Release|Any CPU.ActiveCfg = Release|Any CPU
		{1E80396D-5A5F-43C7-B89B-DB94C9FE838F}.Release|Any CPU.Build.0 = Release|Any CPU
		{E225E844-1E25-4A59-9FAC-77859ED7C46E}.Debug|Any CPU.ActiveCfg = Debug|Any CPU
		{E225E844-1E25-4A59-9FAC-77859ED7C46E}.Debug|Any CPU.Build.0 = Debug|Any CPU
		{E225E844-1E25-4A59-9FAC-77859ED7C46E}.Release|Any CPU.ActiveCfg = Release|Any CPU
		{E225E844-1E25-4A59-9FAC-77859ED7C46E}.Release|Any CPU.Build.0 = Release|Any CPU
	EndGlobalSection
	GlobalSection(SolutionProperties) = preSolution
		HideSolutionNode = FALSE
	EndGlobalSection
	GlobalSection(ExtensibilityGlobals) = postSolution
		SolutionGuid = {22772779-1094-47CA-B2B9-1451FB3732E9}
	EndGlobalSection
EndGlobal
